<?xml version="1.0" encoding="utf-8"?>
<Project ToolsVersion="4.0" xmlns="http://schemas.microsoft.com/developer/msbuild/2003">
  <ItemGroup>
    <ClCompile Include="src\Credential.cpp">
      <Filter>Source Files</Filter>
    </ClCompile>
    <ClCompile Include="src\Command.cpp">
      <Filter>Source Files</Filter>
    </ClCompile>
    <ClCompile Include="src\Crypto.cpp">
      <Filter>Source Files</Filter>
    </ClCompile>
    <ClCompile Include="src\KDF.cpp">
      <Filter>Source Files</Filter>
    </ClCompile>
    <ClCompile Include="Local_Password_Manager.cpp">
      <Filter>Source Files</Filter>
    </ClCompile>
    <ClCompile Include="src\Vault.cpp">
      <Filter>Source Files</Filter>
    </ClCompile>
  </ItemGroup>
  <ItemGroup>
    <ClInclude Include="include\Command.h">
      <Filter>Header Files</Filter>
    </ClInclude>
    <ClInclude Include="include\Common.h">
      <Filter>Header Files</Filter>
    </ClInclude>
    <ClInclude Include="include\Credential.h">
      <Filter>Header Files</Filter>
    </ClInclude>
    <ClInclude Include="include\Crypto.h">
      <Filter>Header Files</Filter>
    </ClInclude>
    <ClInclude Include="include\KDF.h">
      <Filter>Header Files</Filter>
    </ClInclude>
    <ClInclude Include="include\Vault.h">
      <Filter>Header Files</Filter>
    </ClInclude>
  </ItemGroup>
  <ItemGroup>
    <Filter Include="Header Files">
      <UniqueIdentifier>{2a548980-c57b-47b0-baa1-947809feb37e}</UniqueIdentifier>
    </Filter>
    <Filter Include="Source Files">
      <UniqueIdentifier>{84c2bc27-8714-4035-b50d-27e540075066}</UniqueIdentifier>
    </Filter>
  </ItemGroup>
</Project>